
Microsoft Visual Studio Solution File, Format Version 12.00
# Visual Studio Version 17
VisualStudioVersion = 17.11.35222.181
MinimumVisualStudioVersion = 10.0.40219.1
Project("{FAE04EC0-301F-11D3-BF4B-00C04F79EFBC}") = "Bokningsystem.API", "Bokningsystem.API.csproj", "{12A85E3F-B41C-4186-814C-CAB7C54D2667}"
EndProject
Global
	GlobalSection(SolutionConfigurationPlatforms) = preSolution
		Debug|Any CPU = Debug|Any CPU
		Release|Any CPU = Release|Any CPU
	EndGlobalSection
	GlobalSection(ProjectConfigurationPlatforms) = postSolution
		{12A85E3F-B41C-4186-814C-CAB7C54D2667}.Debug|Any CPU.ActiveCfg = Debug|Any CPU
		{12A85E3F-B41C-4186-814C-CAB7C54D2667}.Debug|Any CPU.Build.0 = Debug|Any CPU
		{12A85E3F-B41C-4186-814C-CAB7C54D2667}.Release|Any CPU.ActiveCfg = Release|Any CPU
		{12A85E3F-B41C-4186-814C-CAB7C54D2667}.Release|Any CPU.Build.0 = Release|Any CPU
	EndGlobalSection
	GlobalSection(SolutionProperties) = preSolution
		HideSolutionNode = FALSE
	EndGlobalSection
	GlobalSection(ExtensibilityGlobals) = postSolution
		SolutionGuid = {3B22E605-27F4-4B3D-94E2-EA2B54D44490}
	EndGlobalSection
EndGlobal
